
Microsoft Visual Studio Solution File, Format Version 12.00
# Visual Studio Version 16
VisualStudioVersion = 16.0.30907.101
MinimumVisualStudioVersion = 10.0.40219.1
Project("{2150E333-8FDC-42A3-9474-1A3956D46DE8}") = "src", "src", "{EEF95A1B-E224-4488-91ED-4CC4EC3CEEE3}"
EndProject
Project("{2150E333-8FDC-42A3-9474-1A3956D46DE8}") = "test", "test", "{504C6707-0D9C-4FA7-861D-B1A97AF39E32}"
EndProject
Project("{9A19103F-16F7-4668-BE54-9A1E7A4F7556}") = "Microsoft.EntityFrameworkCore.AutoHistory", "src\Microsoft.EntityFrameworkCore.AutoHistory\Microsoft.EntityFrameworkCore.AutoHistory.csproj", "{5927DE0F-FA62-4B71-8AAF-2B3DDC405E34}"
EndProject
Project("{9A19103F-16F7-4668-BE54-9A1E7A4F7556}") = "Microsoft.EntityFrameworkCore.AutoHistory.Test", "test\Microsoft.EntityFrameworkCore.AutoHistory.Test\Microsoft.EntityFrameworkCore.AutoHistory.Test.csproj", "{2F6C239E-9F05-4654-936B-CFBB00412E4B}"
EndProject
Project("{2150E333-8FDC-42A3-9474-1A3956D46DE8}") = "Solution Items", "Solution Items", "{D465D73A-0055-4CFC-9093-38EF1C405B44}"
	ProjectSection(SolutionItems) = preProject
		.editorconfig = .editorconfig
		NuGet.config = NuGet.config
		README.md = README.md
	EndProjectSection
EndProject
Project("{2150E333-8FDC-42A3-9474-1A3956D46DE8}") = "samples", "samples", "{1C12ACF7-CF58-460C-8EF3-2349D8E62AC1}"
EndProject
Project("{FAE04EC0-301F-11D3-BF4B-00C04F79EFBC}") = "AspNetCore5.0.MVC.EF.Blogs", "samples\AspNetCore5.0.MVC.EF.Blogs\AspNetCore5.0.MVC.EF.Blogs.csproj", "{01180CD5-4F4E-4C51-9478-00090C03FE73}"
EndProject
Global
	GlobalSection(SolutionConfigurationPlatforms) = preSolution
		Debug|Any CPU = Debug|Any CPU
		Release|Any CPU = Release|Any CPU
	EndGlobalSection
	GlobalSection(ProjectConfigurationPlatforms) = postSolution
		{5927DE0F-FA62-4B71-8AAF-2B3DDC405E34}.Debug|Any CPU.ActiveCfg = Debug|Any CPU
		{5927DE0F-FA62-4B71-8AAF-2B3DDC405E34}.Debug|Any CPU.Build.0 = Debug|Any CPU
		{5927DE0F-FA62-4B71-8AAF-2B3DDC405E34}.Release|Any CPU.ActiveCfg = Release|Any CPU
		{5927DE0F-FA62-4B71-8AAF-2B3DDC405E34}.Release|Any CPU.Build.0 = Release|Any CPU
		{2F6C239E-9F05-4654-936B-CFBB00412E4B}.Debug|Any CPU.ActiveCfg = Debug|Any CPU
		{2F6C239E-9F05-4654-936B-CFBB00412E4B}.Debug|Any CPU.Build.0 = Debug|Any CPU
		{2F6C239E-9F05-4654-936B-CFBB00412E4B}.Release|Any CPU.ActiveCfg = Release|Any CPU
		{2F6C239E-9F05-4654-936B-CFBB00412E4B}.Release|Any CPU.Build.0 = Release|Any CPU
		{01180CD5-4F4E-4C51-9478-00090C03FE73}.Debug|Any CPU.ActiveCfg = Debug|Any CPU
		{01180CD5-4F4E-4C51-9478-00090C03FE73}.Debug|Any CPU.Build.0 = Debug|Any CPU
		{01180CD5-4F4E-4C51-9478-00090C03FE73}.Release|Any CPU.ActiveCfg = Release|Any CPU
		{01180CD5-4F4E-4C51-9478-00090C03FE73}.Release|Any CPU.Build.0 = Release|Any CPU
	EndGlobalSection
	GlobalSection(SolutionProperties) = preSolution
		HideSolutionNode = FALSE
	EndGlobalSection
	GlobalSection(NestedProjects) = preSolution
		{5927DE0F-FA62-4B71-8AAF-2B3DDC405E34} = {EEF95A1B-E224-4488-91ED-4CC4EC3CEEE3}
		{2F6C239E-9F05-4654-936B-CFBB00412E4B} = {504C6707-0D9C-4FA7-861D-B1A97AF39E32}
		{01180CD5-4F4E-4C51-9478-00090C03FE73} = {1C12ACF7-CF58-460C-8EF3-2349D8E62AC1}
	EndGlobalSection
	GlobalSection(ExtensibilityGlobals) = postSolution
		SolutionGuid = {ED8B7FB1-308D-49C1-8124-E03D7D6E6D85}
	EndGlobalSection
EndGlobal
